
Microsoft Visual Studio Solution File, Format Version 12.00
# Visual Studio 15
VisualStudioVersion = 15.0.28307.168
MinimumVisualStudioVersion = 10.0.40219.1
Project("{8BC9CEB8-8B4A-11D0-8D11-00A0C91BC942}") = "Chess on a four-linked list", "Chess on a four-linked list\Chess on a four-linked list.vcxproj", "{8A8A8833-D003-4400-885F-984F0EEF50B7}"
EndProject
Project("{8BC9CEB8-8B4A-11D0-8D11-00A0C91BC942}") = "Test", "Test\Test.vcxproj", "{E82952B5-64C9-478B-9415-3AC1CE57F359}"
EndProject
Global
	GlobalSection(SolutionConfigurationPlatforms) = preSolution
		Debug|x64 = Debug|x64
		Debug|x86 = Debug|x86
		Release|x64 = Release|x64
		Release|x86 = Release|x86
	EndGlobalSection
	GlobalSection(ProjectConfigurationPlatforms) = postSolution
		{8A8A8833-D003-4400-885F-984F0EEF50B7}.Debug|x64.ActiveCfg = Debug|x64
		{8A8A8833-D003-4400-885F-984F0EEF50B7}.Debug|x64.Build.0 = Debug|x64
		{8A8A8833-D003-4400-885F-984F0EEF50B7}.Debug|x86.ActiveCfg = Debug|Win32
		{8A8A8833-D003-4400-885F-984F0EEF50B7}.Debug|x86.Build.0 = Debug|Win32
		{8A8A8833-D003-4400-885F-984F0EEF50B7}.Release|x64.ActiveCfg = Release|x64
		{8A8A8833-D003-4400-885F-984F0EEF50B7}.Release|x64.Build.0 = Release|x64
		{8A8A8833-D003-4400-885F-984F0EEF50B7}.Release|x86.ActiveCfg = Release|Win32
		{8A8A8833-D003-4400-885F-984F0EEF50B7}.Release|x86.Build.0 = Release|Win32
		{E82952B5-64C9-478B-9415-3AC1CE57F359}.Debug|x64.ActiveCfg = Debug|x64
		{E82952B5-64C9-478B-9415-3AC1CE57F359}.Debug|x64.Build.0 = Debug|x64
		{E82952B5-64C9-478B-9415-3AC1CE57F359}.Debug|x86.ActiveCfg = Debug|Win32
		{E82952B5-64C9-478B-9415-3AC1CE57F359}.Debug|x86.Build.0 = Debug|Win32
		{E82952B5-64C9-478B-9415-3AC1CE57F359}.Release|x64.ActiveCfg = Release|x64
		{E82952B5-64C9-478B-9415-3AC1CE57F359}.Release|x64.Build.0 = Release|x64
		{E82952B5-64C9-478B-9415-3AC1CE57F359}.Release|x86.ActiveCfg = Release|Win32
		{E82952B5-64C9-478B-9415-3AC1CE57F359}.Release|x86.Build.0 = Release|Win32
	EndGlobalSection
	GlobalSection(SolutionProperties) = preSolution
		HideSolutionNode = FALSE
	EndGlobalSection
	GlobalSection(ExtensibilityGlobals) = postSolution
		SolutionGuid = {3CF0FE3E-FDBE-4923-90A2-CEB75A6703A3}
	EndGlobalSection
EndGlobal
